
Microsoft Visual Studio Solution File, Format Version 12.00
# Visual Studio Version 16
VisualStudioVersion = 16.0.31702.278
MinimumVisualStudioVersion = 10.0.40219.1
Project("{FAE04EC0-301F-11D3-BF4B-00C04F79EFBC}") = "USB_rx-tx", "USB_rx-tx\USB_rx-tx.csproj", "{90D47BE8-EC48-4A30-8F44-7DE79FF122FB}"
EndProject
Global
	GlobalSection(SolutionConfigurationPlatforms) = preSolution
		Debug|Any CPU = Debug|Any CPU
		Release|Any CPU = Release|Any CPU
	EndGlobalSection
	GlobalSection(ProjectConfigurationPlatforms) = postSolution
		{90D47BE8-EC48-4A30-8F44-7DE79FF122FB}.Debug|Any CPU.ActiveCfg = Debug|Any CPU
		{90D47BE8-EC48-4A30-8F44-7DE79FF122FB}.Debug|Any CPU.Build.0 = Debug|Any CPU
		{90D47BE8-EC48-4A30-8F44-7DE79FF122FB}.Release|Any CPU.ActiveCfg = Release|Any CPU
		{90D47BE8-EC48-4A30-8F44-7DE79FF122FB}.Release|Any CPU.Build.0 = Release|Any CPU
	EndGlobalSection
	GlobalSection(SolutionProperties) = preSolution
		HideSolutionNode = FALSE
	EndGlobalSection
	GlobalSection(ExtensibilityGlobals) = postSolution
		SolutionGuid = {3E46E215-3979-46FE-B78E-EFC7A931C459}
	EndGlobalSection
EndGlobal
